{
  "name": "@akshatcode/common-validations",
  "version": "1.0.2",
  "lockfileVersion": 3,
  "requires": true,
  "packages": {
    "": {
      "name": "@akshatcode/common-validations",
      "version": "1.0.2",
      "license": "ISC",
      "dependencies": {
        "@akshatcode/common-validations": "^1.0.2",
        "zod": "^3.22.4"
      }
    },
    "node_modules/@akshatcode/common-validations": {
      "version": "1.0.2",
      "resolved": "https://registry.npmjs.org/@akshatcode/common-validations/-/common-validations-1.0.2.tgz",
      "integrity": "sha512-lG/Kl3nD9R7glp0IVoymuWJWHWxkbh7l/m3QqNAnjNSDGsEE89NpNAvAeJGheywIevj5pbn62djiRf6HOOUD9w==",
      "dependencies": {
        "zod": "^3.22.4"
      }
    },
    "node_modules/zod": {
      "version": "3.22.4",
      "resolved": "https://registry.npmjs.org/zod/-/zod-3.22.4.tgz",
      "integrity": "sha512-iC+8Io04lddc+mVqQ9AZ7OQ2MrUKGN+oIQyq1vemgt46jwCwLfhq7/pwnBnNXXXZb8VTVLKwp9EDkx+ryxIWmg==",
      "funding": {
        "url": "https://github.com/sponsors/colinhacks"
      }
    }
  }
}
